// !$*UTF8*$!
{
	archiveVersion = 1;
	classes = {
	};
	objectVersion = 46;
	objects = {

/* Begin PBXBuildFile section */
		1D174DC3163062FF0084BE43 /* OAI_FormSectionButton.m in Sources */ = {isa = PBXBuildFile; fileRef = 1D174DC2163062FF0084BE43 /* OAI_FormSectionButton.m */; };
		1D174DC7163063100084BE43 /* OAI_FormButton.m in Sources */ = {isa = PBXBuildFile; fileRef = 1D174DC6163063100084BE43 /* OAI_FormButton.m */; };
		1DAE8294162C509C00CEB642 /* OAI_AnimationManager.m in Sources */ = {isa = PBXBuildFile; fileRef = 1DAE8293162C509C00CEB642 /* OAI_AnimationManager.m */; };
		1DBB30F7162D93410081D41F /* OAI_FormCheckbox.m in Sources */ = {isa = PBXBuildFile; fileRef = 1DBB30F6162D93410081D41F /* OAI_FormCheckbox.m */; };
		1DBB30FB162D9D510081D41F /* checkmark.png in Resources */ = {isa = PBXBuildFile; fileRef = 1DBB30FA162D9D510081D41F /* checkmark.png */; };
		1DBB30FE162DA9900081D41F /* OAI_FormMultiCheckbox.m in Sources */ = {isa = PBXBuildFile; fileRef = 1DBB30FD162DA98F0081D41F /* OAI_FormMultiCheckbox.m */; };
		1DBC87CC162F124B0058BB4A /* OAI_Countries.m in Sources */ = {isa = PBXBuildFile; fileRef = 1DBC87CB162F124A0058BB4A /* OAI_Countries.m */; };
		1DBC87D0162F14350058BB4A /* OAI_States.m in Sources */ = {isa = PBXBuildFile; fileRef = 1DBC87CF162F14350058BB4A /* OAI_States.m */; };
		1DF1A41E162C369E00F49666 /* UIKit.framework in Frameworks */ = {isa = PBXBuildFile; fileRef = 1DF1A41D162C369E00F49666 /* UIKit.framework */; };
		1DF1A420162C369E00F49666 /* Foundation.framework in Frameworks */ = {isa = PBXBuildFile; fileRef = 1DF1A41F162C369E00F49666 /* Foundation.framework */; };
		1DF1A422162C369E00F49666 /* CoreGraphics.framework in Frameworks */ = {isa = PBXBuildFile; fileRef = 1DF1A421162C369E00F49666 /* CoreGraphics.framework */; };
		1DF1A428162C369E00F49666 /* InfoPlist.strings in Resources */ = {isa = PBXBuildFile; fileRef = 1DF1A426162C369E00F49666 /* InfoPlist.strings */; };
		1DF1A42A162C369E00F49666 /* main.m in Sources */ = {isa = PBXBuildFile; fileRef = 1DF1A429162C369E00F49666 /* main.m */; };
		1DF1A42E162C369E00F49666 /* AppDelegate.m in Sources */ = {isa = PBXBuildFile; fileRef = 1DF1A42D162C369E00F49666 /* AppDelegate.m */; };
		1DF1A430162C369F00F49666 /* Default.png in Resources */ = {isa = PBXBuildFile; fileRef = 1DF1A42F162C369F00F49666 /* Default.png */; };
		1DF1A432162C369F00F49666 /* Default@2x.png in Resources */ = {isa = PBXBuildFile; fileRef = 1DF1A431162C369F00F49666 /* Default@2x.png */; };
		1DF1A434162C369F00F49666 /* Default-568h@2x.png in Resources */ = {isa = PBXBuildFile; fileRef = 1DF1A433162C369F00F49666 /* Default-568h@2x.png */; };
		1DF1A437162C369F00F49666 /* ViewController.m in Sources */ = {isa = PBXBuildFile; fileRef = 1DF1A436162C369F00F49666 /* ViewController.m */; };
		1DF1A43A162C369F00F49666 /* ViewController.xib in Resources */ = {isa = PBXBuildFile; fileRef = 1DF1A438162C369F00F49666 /* ViewController.xib */; };
		1DF1A442162C36A000F49666 /* SenTestingKit.framework in Frameworks */ = {isa = PBXBuildFile; fileRef = 1DF1A441162C36A000F49666 /* SenTestingKit.framework */; };
		1DF1A443162C36A000F49666 /* UIKit.framework in Frameworks */ = {isa = PBXBuildFile; fileRef = 1DF1A41D162C369E00F49666 /* UIKit.framework */; };
		1DF1A444162C36A000F49666 /* Foundation.framework in Frameworks */ = {isa = PBXBuildFile; fileRef = 1DF1A41F162C369E00F49666 /* Foundation.framework */; };
		1DF1A44C162C36A000F49666 /* InfoPlist.strings in Resources */ = {isa = PBXBuildFile; fileRef = 1DF1A44A162C36A000F49666 /* InfoPlist.strings */; };
		1DF1A44F162C36A000F49666 /* Site_Inspection_ReportTests.m in Sources */ = {isa = PBXBuildFile; fileRef = 1DF1A44E162C36A000F49666 /* Site_Inspection_ReportTests.m */; };
		1DF1A459162C36DD00F49666 /* QuartzCore.framework in Frameworks */ = {isa = PBXBuildFile; fileRef = 1DF1A458162C36DD00F49666 /* QuartzCore.framework */; };
		1DF1A45F162C371300F49666 /* OAI_FormLabel.m in Sources */ = {isa = PBXBuildFile; fileRef = 1DF1A45E162C371300F49666 /* OAI_FormLabel.m */; };
		1DF1A462162C372500F49666 /* OAI_TitleLabel.m in Sources */ = {isa = PBXBuildFile; fileRef = 1DF1A461162C372500F49666 /* OAI_TitleLabel.m */; };
		1DF1A465162C373B00F49666 /* OAI_FormTextField.m in Sources */ = {isa = PBXBuildFile; fileRef = 1DF1A464162C373B00F49666 /* OAI_FormTextField.m */; };
		1DF1A468162C375F00F49666 /* OAI_Section.m in Sources */ = {isa = PBXBuildFile; fileRef = 1DF1A467162C375F00F49666 /* OAI_Section.m */; };
		1DF1A46B162C377200F49666 /* OAI_Form.m in Sources */ = {isa = PBXBuildFile; fileRef = 1DF1A46A162C377200F49666 /* OAI_Form.m */; };
		1DF1A46E162C379100F49666 /* OAI_ColorManager.m in Sources */ = {isa = PBXBuildFile; fileRef = 1DF1A46D162C379100F49666 /* OAI_ColorManager.m */; };
/* End PBXBuildFile section */

/* Begin PBXContainerItemProxy section */
		1DF1A445162C36A000F49666 /* PBXContainerItemProxy */ = {
			isa = PBXContainerItemProxy;
			containerPortal = 1DF1A410162C369E00F49666 /* Project object */;
			proxyType = 1;
			remoteGlobalIDString = 1DF1A418162C369E00F49666;
			remoteInfo = "Site Inspection Report";
		};
/* End PBXContainerItemProxy section */

/* Begin PBXFileReference section */
		1D174DC1163062FF0084BE43 /* OAI_FormSectionButton.h */ = {isa = PBXFileReference; fileEncoding = 4; lastKnownFileType = sourcecode.c.h; path = OAI_FormSectionButton.h; sourceTree = "<group>"; };
		1D174DC2163062FF0084BE43 /* OAI_FormSectionButton.m */ = {isa = PBXFileReference; fileEncoding = 4; lastKnownFileType = sourcecode.c.objc; path = OAI_FormSectionButton.m; sourceTree = "<group>"; };
		1D174DC5163063100084BE43 /* OAI_FormButton.h */ = {isa = PBXFileReference; fileEncoding = 4; lastKnownFileType = sourcecode.c.h; path = OAI_FormButton.h; sourceTree = "<group>"; };
		1D174DC6163063100084BE43 /* OAI_FormButton.m */ = {isa = PBXFileReference; fileEncoding = 4; lastKnownFileType = sourcecode.c.objc; path = OAI_FormButton.m; sourceTree = "<group>"; };
		1DAE8292162C509C00CEB642 /* OAI_AnimationManager.h */ = {isa = PBXFileReference; fileEncoding = 4; lastKnownFileType = sourcecode.c.h; path = OAI_AnimationManager.h; sourceTree = "<group>"; };
		1DAE8293162C509C00CEB642 /* OAI_AnimationManager.m */ = {isa = PBXFileReference; fileEncoding = 4; lastKnownFileType = sourcecode.c.objc; path = OAI_AnimationManager.m; sourceTree = "<group>"; };
		1DBB30F5162D93410081D41F /* OAI_FormCheckbox.h */ = {isa = PBXFileReference; fileEncoding = 4; lastKnownFileType = sourcecode.c.h; path = OAI_FormCheckbox.h; sourceTree = "<group>"; };
		1DBB30F6162D93410081D41F /* OAI_FormCheckbox.m */ = {isa = PBXFileReference; fileEncoding = 4; lastKnownFileType = sourcecode.c.objc; path = OAI_FormCheckbox.m; sourceTree = "<group>"; };
		1DBB30FA162D9D510081D41F /* checkmark.png */ = {isa = PBXFileReference; lastKnownFileType = image.png; path = checkmark.png; sourceTree = "<group>"; };
		1DBB30FC162DA98F0081D41F /* OAI_FormMultiCheckbox.h */ = {isa = PBXFileReference; fileEncoding = 4; lastKnownFileType = sourcecode.c.h; path = OAI_FormMultiCheckbox.h; sourceTree = "<group>"; };
		1DBB30FD162DA98F0081D41F /* OAI_FormMultiCheckbox.m */ = {isa = PBXFileReference; fileEncoding = 4; lastKnownFileType = sourcecode.c.objc; path = OAI_FormMultiCheckbox.m; sourceTree = "<group>"; };
		1DBC87CA162F124A0058BB4A /* OAI_Countries.h */ = {isa = PBXFileReference; fileEncoding = 4; lastKnownFileType = sourcecode.c.h; path = OAI_Countries.h; sourceTree = "<group>"; };
		1DBC87CB162F124A0058BB4A /* OAI_Countries.m */ = {isa = PBXFileReference; fileEncoding = 4; lastKnownFileType = sourcecode.c.objc; path = OAI_Countries.m; sourceTree = "<group>"; };
		1DBC87CE162F14350058BB4A /* OAI_States.h */ = {isa = PBXFileReference; fileEncoding = 4; lastKnownFileType = sourcecode.c.h; path = OAI_States.h; sourceTree = "<group>"; };
		1DBC87CF162F14350058BB4A /* OAI_States.m */ = {isa = PBXFileReference; fileEncoding = 4; lastKnownFileType = sourcecode.c.objc; path = OAI_States.m; sourceTree = "<group>"; };
		1DF1A419162C369E00F49666 /* Site Inspection Report.app */ = {isa = PBXFileReference; explicitFileType = wrapper.application; includeInIndex = 0; path = "Site Inspection Report.app"; sourceTree = BUILT_PRODUCTS_DIR; };
		1DF1A41D162C369E00F49666 /* UIKit.framework */ = {isa = PBXFileReference; lastKnownFileType = wrapper.framework; name = UIKit.framework; path = System/Library/Frameworks/UIKit.framework; sourceTree = SDKROOT; };
		1DF1A41F162C369E00F49666 /* Foundation.framework */ = {isa = PBXFileReference; lastKnownFileType = wrapper.framework; name = Foundation.framework; path = System/Library/Frameworks/Foundation.framework; sourceTree = SDKROOT; };
		1DF1A421162C369E00F49666 /* CoreGraphics.framework */ = {isa = PBXFileReference; lastKnownFileType = wrapper.framework; name = CoreGraphics.framework; path = System/Library/Frameworks/CoreGraphics.framework; sourceTree = SDKROOT; };
		1DF1A425162C369E00F49666 /* Site Inspection Report-Info.plist */ = {isa = PBXFileReference; lastKnownFileType = text.plist.xml; path = "Site Inspection Report-Info.plist"; sourceTree = "<group>"; };
		1DF1A427162C369E00F49666 /* en */ = {isa = PBXFileReference; lastKnownFileType = text.plist.strings; name = en; path = en.lproj/InfoPlist.strings; sourceTree = "<group>"; };
		1DF1A429162C369E00F49666 /* main.m */ = {isa = PBXFileReference; lastKnownFileType = sourcecode.c.objc; path = main.m; sourceTree = "<group>"; };
		1DF1A42B162C369E00F49666 /* Site Inspection Report-Prefix.pch */ = {isa = PBXFileReference; lastKnownFileType = sourcecode.c.h; path = "Site Inspection Report-Prefix.pch"; sourceTree = "<group>"; };
		1DF1A42C162C369E00F49666 /* AppDelegate.h */ = {isa = PBXFileReference; lastKnownFileType = sourcecode.c.h; path = AppDelegate.h; sourceTree = "<group>"; };
		1DF1A42D162C369E00F49666 /* AppDelegate.m */ = {isa = PBXFileReference; lastKnownFileType = sourcecode.c.objc; path = AppDelegate.m; sourceTree = "<group>"; };
		1DF1A42F162C369F00F49666 /* Default.png */ = {isa = PBXFileReference; lastKnownFileType = image.png; path = Default.png; sourceTree = "<group>"; };
		1DF1A431162C369F00F49666 /* Default@2x.png */ = {isa = PBXFileReference; lastKnownFileType = image.png; path = "Default@2x.png"; sourceTree = "<group>"; };
		1DF1A433162C369F00F49666 /* Default-568h@2x.png */ = {isa = PBXFileReference; lastKnownFileType = image.png; path = "Default-568h@2x.png"; sourceTree = "<group>"; };
		1DF1A435162C369F00F49666 /* ViewController.h */ = {isa = PBXFileReference; lastKnownFileType = sourcecode.c.h; path = ViewController.h; sourceTree = "<group>"; };
		1DF1A436162C369F00F49666 /* ViewController.m */ = {isa = PBXFileReference; lastKnownFileType = sourcecode.c.objc; path = ViewController.m; sourceTree = "<group>"; };
		1DF1A439162C369F00F49666 /* en */ = {isa = PBXFileReference; lastKnownFileType = file.xib; name = en; path = en.lproj/ViewController.xib; sourceTree = "<group>"; };
		1DF1A440162C36A000F49666 /* Site Inspection ReportTests.octest */ = {isa = PBXFileReference; explicitFileType = wrapper.cfbundle; includeInIndex = 0; path = "Site Inspection ReportTests.octest"; sourceTree = BUILT_PRODUCTS_DIR; };
		1DF1A441162C36A000F49666 /* SenTestingKit.framework */ = {isa = PBXFileReference; lastKnownFileType = wrapper.framework; name = SenTestingKit.framework; path = Library/Frameworks/SenTestingKit.framework; sourceTree = DEVELOPER_DIR; };
		1DF1A449162C36A000F49666 /* Site Inspection ReportTests-Info.plist */ = {isa = PBXFileReference; lastKnownFileType = text.plist.xml; path = "Site Inspection ReportTests-Info.plist"; sourceTree = "<group>"; };
		1DF1A44B162C36A000F49666 /* en */ = {isa = PBXFileReference; lastKnownFileType = text.plist.strings; name = en; path = en.lproj/InfoPlist.strings; sourceTree = "<group>"; };
		1DF1A44D162C36A000F49666 /* Site_Inspection_ReportTests.h */ = {isa = PBXFileReference; lastKnownFileType = sourcecode.c.h; path = Site_Inspection_ReportTests.h; sourceTree = "<group>"; };
		1DF1A44E162C36A000F49666 /* Site_Inspection_ReportTests.m */ = {isa = PBXFileReference; lastKnownFileType = sourcecode.c.objc; path = Site_Inspection_ReportTests.m; sourceTree = "<group>"; };
		1DF1A458162C36DD00F49666 /* QuartzCore.framework */ = {isa = PBXFileReference; lastKnownFileType = wrapper.framework; name = QuartzCore.framework; path = System/Library/Frameworks/QuartzCore.framework; sourceTree = SDKROOT; };
		1DF1A45D162C371300F49666 /* OAI_FormLabel.h */ = {isa = PBXFileReference; fileEncoding = 4; lastKnownFileType = sourcecode.c.h; path = OAI_FormLabel.h; sourceTree = "<group>"; };
		1DF1A45E162C371300F49666 /* OAI_FormLabel.m */ = {isa = PBXFileReference; fileEncoding = 4; lastKnownFileType = sourcecode.c.objc; path = OAI_FormLabel.m; sourceTree = "<group>"; };
		1DF1A460162C372500F49666 /* OAI_TitleLabel.h */ = {isa = PBXFileReference; fileEncoding = 4; lastKnownFileType = sourcecode.c.h; path = OAI_TitleLabel.h; sourceTree = "<group>"; };
		1DF1A461162C372500F49666 /* OAI_TitleLabel.m */ = {isa = PBXFileReference; fileEncoding = 4; lastKnownFileType = sourcecode.c.objc; path = OAI_TitleLabel.m; sourceTree = "<group>"; };
		1DF1A463162C373B00F49666 /* OAI_FormTextField.h */ = {isa = PBXFileReference; fileEncoding = 4; lastKnownFileType = sourcecode.c.h; path = OAI_FormTextField.h; sourceTree = "<group>"; };
		1DF1A464162C373B00F49666 /* OAI_FormTextField.m */ = {isa = PBXFileReference; fileEncoding = 4; lastKnownFileType = sourcecode.c.objc; path = OAI_FormTextField.m; sourceTree = "<group>"; };
		1DF1A466162C375F00F49666 /* OAI_Section.h */ = {isa = PBXFileReference; fileEncoding = 4; lastKnownFileType = sourcecode.c.h; path = OAI_Section.h; sourceTree = "<group>"; };
		1DF1A467162C375F00F49666 /* OAI_Section.m */ = {isa = PBXFileReference; fileEncoding = 4; lastKnownFileType = sourcecode.c.objc; path = OAI_Section.m; sourceTree = "<group>"; };
		1DF1A469162C377200F49666 /* OAI_Form.h */ = {isa = PBXFileReference; fileEncoding = 4; lastKnownFileType = sourcecode.c.h; path = OAI_Form.h; sourceTree = "<group>"; };
		1DF1A46A162C377200F49666 /* OAI_Form.m */ = {isa = PBXFileReference; fileEncoding = 4; lastKnownFileType = sourcecode.c.objc; path = OAI_Form.m; sourceTree = "<group>"; };
		1DF1A46C162C379100F49666 /* OAI_ColorManager.h */ = {isa = PBXFileReference; fileEncoding = 4; lastKnownFileType = sourcecode.c.h; path = OAI_ColorManager.h; sourceTree = "<group>"; };
		1DF1A46D162C379100F49666 /* OAI_ColorManager.m */ = {isa = PBXFileReference; fileEncoding = 4; lastKnownFileType = sourcecode.c.objc; path = OAI_ColorManager.m; sourceTree = "<group>"; };
/* End PBXFileReference section */

/* Begin PBXFrameworksBuildPhase section */
		1DF1A416162C369E00F49666 /* Frameworks */ = {
			isa = PBXFrameworksBuildPhase;
			buildActionMask = 2147483647;
			files = (
				1DF1A459162C36DD00F49666 /* QuartzCore.framework in Frameworks */,
				1DF1A41E162C369E00F49666 /* UIKit.framework in Frameworks */,
				1DF1A420162C369E00F49666 /* Foundation.framework in Frameworks */,
				1DF1A422162C369E00F49666 /* CoreGraphics.framework in Frameworks */,
			);
			runOnlyForDeploymentPostprocessing = 0;
		};
		1DF1A43C162C36A000F49666 /* Frameworks */ = {
			isa = PBXFrameworksBuildPhase;
			buildActionMask = 2147483647;
			files = (
				1DF1A442162C36A000F49666 /* SenTestingKit.framework in Frameworks */,
				1DF1A443162C36A000F49666 /* UIKit.framework in Frameworks */,
				1DF1A444162C36A000F49666 /* Foundation.framework in Frameworks */,
			);
			runOnlyForDeploymentPostprocessing = 0;
		};
/* End PBXFrameworksBuildPhase section */

/* Begin PBXGroup section */
		1DBB30F9162D9D2D0081D41F /* Images */ = {
			isa = PBXGroup;
			children = (
				1DBB30FA162D9D510081D41F /* checkmark.png */,
			);
			name = Images;
			sourceTree = "<group>";
		};
		1DF1A40E162C369E00F49666 = {
			isa = PBXGroup;
			children = (
				1DF1A423162C369E00F49666 /* Site Inspection Report */,
				1DF1A447162C36A000F49666 /* Site Inspection ReportTests */,
				1DF1A41C162C369E00F49666 /* Frameworks */,
				1DF1A41A162C369E00F49666 /* Products */,
			);
			sourceTree = "<group>";
		};
		1DF1A41A162C369E00F49666 /* Products */ = {
			isa = PBXGroup;
			children = (
				1DF1A419162C369E00F49666 /* Site Inspection Report.app */,
				1DF1A440162C36A000F49666 /* Site Inspection ReportTests.octest */,
			);
			name = Products;
			sourceTree = "<group>";
		};
		1DF1A41C162C369E00F49666 /* Frameworks */ = {
			isa = PBXGroup;
			children = (
				1DF1A458162C36DD00F49666 /* QuartzCore.framework */,
				1DF1A41D162C369E00F49666 /* UIKit.framework */,
				1DF1A41F162C369E00F49666 /* Foundation.framework */,
				1DF1A421162C369E00F49666 /* CoreGraphics.framework */,
				1DF1A441162C36A000F49666 /* SenTestingKit.framework */,
			);
			name = Frameworks;
			sourceTree = "<group>";
		};
		1DF1A423162C369E00F49666 /* Site Inspection Report */ = {
			isa = PBXGroup;
			children = (
				1DBB30F9162D9D2D0081D41F /* Images */,
				1DF1A45B162C36EF00F49666 /* Singleton */,
				1DF1A45A162C36E900F49666 /* Classes */,
				1DF1A42C162C369E00F49666 /* AppDelegate.h */,
				1DF1A42D162C369E00F49666 /* AppDelegate.m */,
				1DF1A435162C369F00F49666 /* ViewController.h */,
				1DF1A436162C369F00F49666 /* ViewController.m */,
				1DF1A438162C369F00F49666 /* ViewController.xib */,
				1DF1A424162C369E00F49666 /* Supporting Files */,
			);
			path = "Site Inspection Report";
			sourceTree = "<group>";
		};
		1DF1A424162C369E00F49666 /* Supporting Files */ = {
			isa = PBXGroup;
			children = (
				1DF1A425162C369E00F49666 /* Site Inspection Report-Info.plist */,
				1DF1A426162C369E00F49666 /* InfoPlist.strings */,
				1DF1A429162C369E00F49666 /* main.m */,
				1DF1A42B162C369E00F49666 /* Site Inspection Report-Prefix.pch */,
				1DF1A42F162C369F00F49666 /* Default.png */,
				1DF1A431162C369F00F49666 /* Default@2x.png */,
				1DF1A433162C369F00F49666 /* Default-568h@2x.png */,
			);
			name = "Supporting Files";
			sourceTree = "<group>";
		};
		1DF1A447162C36A000F49666 /* Site Inspection ReportTests */ = {
			isa = PBXGroup;
			children = (
				1DF1A44D162C36A000F49666 /* Site_Inspection_ReportTests.h */,
				1DF1A44E162C36A000F49666 /* Site_Inspection_ReportTests.m */,
				1DF1A448162C36A000F49666 /* Supporting Files */,
			);
			path = "Site Inspection ReportTests";
			sourceTree = "<group>";
		};
		1DF1A448162C36A000F49666 /* Supporting Files */ = {
			isa = PBXGroup;
			children = (
				1DF1A449162C36A000F49666 /* Site Inspection ReportTests-Info.plist */,
				1DF1A44A162C36A000F49666 /* InfoPlist.strings */,
			);
			name = "Supporting Files";
			sourceTree = "<group>";
		};
		1DF1A45A162C36E900F49666 /* Classes */ = {
			isa = PBXGroup;
			children = (
				1DF1A469162C377200F49666 /* OAI_Form.h */,
				1DF1A46A162C377200F49666 /* OAI_Form.m */,
				1DF1A466162C375F00F49666 /* OAI_Section.h */,
				1DF1A467162C375F00F49666 /* OAI_Section.m */,
				1DF1A45C162C36F500F49666 /* Objects */,
				1DBC87CA162F124A0058BB4A /* OAI_Countries.h */,
				1DBC87CB162F124A0058BB4A /* OAI_Countries.m */,
				1DBC87CE162F14350058BB4A /* OAI_States.h */,
				1DBC87CF162F14350058BB4A /* OAI_States.m */,
			);
			name = Classes;
			sourceTree = "<group>";
		};
		1DF1A45B162C36EF00F49666 /* Singleton */ = {
			isa = PBXGroup;
			children = (
				1DAE8292162C509C00CEB642 /* OAI_AnimationManager.h */,
				1DAE8293162C509C00CEB642 /* OAI_AnimationManager.m */,
				1DF1A46C162C379100F49666 /* OAI_ColorManager.h */,
				1DF1A46D162C379100F49666 /* OAI_ColorManager.m */,
			);
			name = Singleton;
			sourceTree = "<group>";
		};
		1DF1A45C162C36F500F49666 /* Objects */ = {
			isa = PBXGroup;
			children = (
				1DF1A45D162C371300F49666 /* OAI_FormLabel.h */,
				1DF1A45E162C371300F49666 /* OAI_FormLabel.m */,
				1DF1A463162C373B00F49666 /* OAI_FormTextField.h */,
				1DF1A464162C373B00F49666 /* OAI_FormTextField.m */,
				1DF1A460162C372500F49666 /* OAI_TitleLabel.h */,
				1DF1A461162C372500F49666 /* OAI_TitleLabel.m */,
				1DBB30F5162D93410081D41F /* OAI_FormCheckbox.h */,
				1DBB30F6162D93410081D41F /* OAI_FormCheckbox.m */,
				1DBB30FC162DA98F0081D41F /* OAI_FormMultiCheckbox.h */,
				1DBB30FD162DA98F0081D41F /* OAI_FormMultiCheckbox.m */,
				1D174DC1163062FF0084BE43 /* OAI_FormSectionButton.h */,
				1D174DC2163062FF0084BE43 /* OAI_FormSectionButton.m */,
				1D174DC5163063100084BE43 /* OAI_FormButton.h */,
				1D174DC6163063100084BE43 /* OAI_FormButton.m */,
			);
			name = Objects;
			sourceTree = "<group>";
		};
/* End PBXGroup section */

/* Begin PBXNativeTarget section */
		1DF1A418162C369E00F49666 /* Site Inspection Report */ = {
			isa = PBXNativeTarget;
			buildConfigurationList = 1DF1A452162C36A000F49666 /* Build configuration list for PBXNativeTarget "Site Inspection Report" */;
			buildPhases = (
				1DF1A415162C369E00F49666 /* Sources */,
				1DF1A416162C369E00F49666 /* Frameworks */,
				1DF1A417162C369E00F49666 /* Resources */,
			);
			buildRules = (
			);
			dependencies = (
			);
			name = "Site Inspection Report";
			productName = "Site Inspection Report";
			productReference = 1DF1A419162C369E00F49666 /* Site Inspection Report.app */;
			productType = "com.apple.product-type.application";
		};
		1DF1A43F162C36A000F49666 /* Site Inspection ReportTests */ = {
			isa = PBXNativeTarget;
			buildConfigurationList = 1DF1A455162C36A000F49666 /* Build configuration list for PBXNativeTarget "Site Inspection ReportTests" */;
			buildPhases = (
				1DF1A43B162C36A000F49666 /* Sources */,
				1DF1A43C162C36A000F49666 /* Frameworks */,
				1DF1A43D162C36A000F49666 /* Resources */,
				1DF1A43E162C36A000F49666 /* ShellScript */,
			);
			buildRules = (
			);
			dependencies = (
				1DF1A446162C36A000F49666 /* PBXTargetDependency */,
			);
			name = "Site Inspection ReportTests";
			productName = "Site Inspection ReportTests";
			productReference = 1DF1A440162C36A000F49666 /* Site Inspection ReportTests.octest */;
			productType = "com.apple.product-type.bundle";
		};
/* End PBXNativeTarget section */

/* Begin PBXProject section */
		1DF1A410162C369E00F49666 /* Project object */ = {
			isa = PBXProject;
			attributes = {
				LastUpgradeCheck = 0450;
				ORGANIZATIONNAME = "Olympus America";
			};
			buildConfigurationList = 1DF1A413162C369E00F49666 /* Build configuration list for PBXProject "Site Inspection Report" */;
			compatibilityVersion = "Xcode 3.2";
			developmentRegion = English;
			hasScannedForEncodings = 0;
			knownRegions = (
				en,
			);
			mainGroup = 1DF1A40E162C369E00F49666;
			productRefGroup = 1DF1A41A162C369E00F49666 /* Products */;
			projectDirPath = "";
			projectRoot = "";
			targets = (
				1DF1A418162C369E00F49666 /* Site Inspection Report */,
				1DF1A43F162C36A000F49666 /* Site Inspection ReportTests */,
			);
		};
/* End PBXProject section */

/* Begin PBXResourcesBuildPhase section */
		1DF1A417162C369E00F49666 /* Resources */ = {
			isa = PBXResourcesBuildPhase;
			buildActionMask = 2147483647;
			files = (
				1DF1A428162C369E00F49666 /* InfoPlist.strings in Resources */,
				1DF1A430162C369F00F49666 /* Default.png in Resources */,
				1DF1A432162C369F00F49666 /* Default@2x.png in Resources */,
				1DF1A434162C369F00F49666 /* Default-568h@2x.png in Resources */,
				1DF1A43A162C369F00F49666 /* ViewController.xib in Resources */,
				1DBB30FB162D9D510081D41F /* checkmark.png in Resources */,
			);
			runOnlyForDeploymentPostprocessing = 0;
		};
		1DF1A43D162C36A000F49666 /* Resources */ = {
			isa = PBXResourcesBuildPhase;
			buildActionMask = 2147483647;
			files = (
				1DF1A44C162C36A000F49666 /* InfoPlist.strings in Resources */,
			);
			runOnlyForDeploymentPostprocessing = 0;
		};
/* End PBXResourcesBuildPhase section */

/* Begin PBXShellScriptBuildPhase section */
		1DF1A43E162C36A000F49666 /* ShellScript */ = {
			isa = PBXShellScriptBuildPhase;
			buildActionMask = 2147483647;
			files = (
			);
			inputPaths = (
			);
			outputPaths = (
			);
			runOnlyForDeploymentPostprocessing = 0;
			shellPath = /bin/sh;
			shellScript = "# Run the unit tests in this test bundle.\n\"${SYSTEM_DEVELOPER_DIR}/Tools/RunUnitTests\"\n";
		};
/* End PBXShellScriptBuildPhase section */

/* Begin PBXSourcesBuildPhase section */
		1DF1A415162C369E00F49666 /* Sources */ = {
			isa = PBXSourcesBuildPhase;
			buildActionMask = 2147483647;
			files = (
				1DF1A42A162C369E00F49666 /* main.m in Sources */,
				1DF1A42E162C369E00F49666 /* AppDelegate.m in Sources */,
				1DF1A437162C369F00F49666 /* ViewController.m in Sources */,
				1DF1A45F162C371300F49666 /* OAI_FormLabel.m in Sources */,
				1DF1A462162C372500F49666 /* OAI_TitleLabel.m in Sources */,
				1DF1A465162C373B00F49666 /* OAI_FormTextField.m in Sources */,
				1DF1A468162C375F00F49666 /* OAI_Section.m in Sources */,
				1DF1A46B162C377200F49666 /* OAI_Form.m in Sources */,
				1DF1A46E162C379100F49666 /* OAI_ColorManager.m in Sources */,
				1DAE8294162C509C00CEB642 /* OAI_AnimationManager.m in Sources */,
				1DBB30F7162D93410081D41F /* OAI_FormCheckbox.m in Sources */,
				1DBB30FE162DA9900081D41F /* OAI_FormMultiCheckbox.m in Sources */,
				1DBC87CC162F124B0058BB4A /* OAI_Countries.m in Sources */,
				1DBC87D0162F14350058BB4A /* OAI_States.m in Sources */,
				1D174DC3163062FF0084BE43 /* OAI_FormSectionButton.m in Sources */,
				1D174DC7163063100084BE43 /* OAI_FormButton.m in Sources */,
			);
			runOnlyForDeploymentPostprocessing = 0;
		};
		1DF1A43B162C36A000F49666 /* Sources */ = {
			isa = PBXSourcesBuildPhase;
			buildActionMask = 2147483647;
			files = (
				1DF1A44F162C36A000F49666 /* Site_Inspection_ReportTests.m in Sources */,
			);
			runOnlyForDeploymentPostprocessing = 0;
		};
/* End PBXSourcesBuildPhase section */

/* Begin PBXTargetDependency section */
		1DF1A446162C36A000F49666 /* PBXTargetDependency */ = {
			isa = PBXTargetDependency;
			target = 1DF1A418162C369E00F49666 /* Site Inspection Report */;
			targetProxy = 1DF1A445162C36A000F49666 /* PBXContainerItemProxy */;
		};
/* End PBXTargetDependency section */

/* Begin PBXVariantGroup section */
		1DF1A426162C369E00F49666 /* InfoPlist.strings */ = {
			isa = PBXVariantGroup;
			children = (
				1DF1A427162C369E00F49666 /* en */,
			);
			name = InfoPlist.strings;
			sourceTree = "<group>";
		};
		1DF1A438162C369F00F49666 /* ViewController.xib */ = {
			isa = PBXVariantGroup;
			children = (
				1DF1A439162C369F00F49666 /* en */,
			);
			name = ViewController.xib;
			sourceTree = "<group>";
		};
		1DF1A44A162C36A000F49666 /* InfoPlist.strings */ = {
			isa = PBXVariantGroup;
			children = (
				1DF1A44B162C36A000F49666 /* en */,
			);
			name = InfoPlist.strings;
			sourceTree = "<group>";
		};
/* End PBXVariantGroup section */

/* Begin XCBuildConfiguration section */
		1DF1A450162C36A000F49666 /* Debug */ = {
			isa = XCBuildConfiguration;
			buildSettings = {
				ALWAYS_SEARCH_USER_PATHS = NO;
				CLANG_CXX_LANGUAGE_STANDARD = "gnu++0x";
				CLANG_CXX_LIBRARY = "libc++";
				CLANG_ENABLE_OBJC_ARC = YES;
				CLANG_WARN_EMPTY_BODY = YES;
				CLANG_WARN__DUPLICATE_METHOD_MATCH = YES;
				"CODE_SIGN_IDENTITY[sdk=iphoneos*]" = "iPhone Developer";
				COPY_PHASE_STRIP = NO;
				GCC_C_LANGUAGE_STANDARD = gnu99;
				GCC_DYNAMIC_NO_PIC = NO;
				GCC_OPTIMIZATION_LEVEL = 0;
				GCC_PREPROCESSOR_DEFINITIONS = (
					"DEBUG=1",
					"$(inherited)",
				);
				GCC_SYMBOLS_PRIVATE_EXTERN = NO;
				GCC_WARN_ABOUT_RETURN_TYPE = YES;
				GCC_WARN_UNINITIALIZED_AUTOS = YES;
				GCC_WARN_UNUSED_VARIABLE = YES;
				IPHONEOS_DEPLOYMENT_TARGET = 5.1;
				SDKROOT = iphoneos;
				TARGETED_DEVICE_FAMILY = 2;
			};
			name = Debug;
		};
		1DF1A451162C36A000F49666 /* Release */ = {
			isa = XCBuildConfiguration;
			buildSettings = {
				ALWAYS_SEARCH_USER_PATHS = NO;
				CLANG_CXX_LANGUAGE_STANDARD = "gnu++0x";
				CLANG_CXX_LIBRARY = "libc++";
				CLANG_ENABLE_OBJC_ARC = YES;
				CLANG_WARN_EMPTY_BODY = YES;
				CLANG_WARN__DUPLICATE_METHOD_MATCH = YES;
				"CODE_SIGN_IDENTITY[sdk=iphoneos*]" = "iPhone Developer";
				COPY_PHASE_STRIP = YES;
				GCC_C_LANGUAGE_STANDARD = gnu99;
				GCC_WARN_ABOUT_RETURN_TYPE = YES;
				GCC_WARN_UNINITIALIZED_AUTOS = YES;
				GCC_WARN_UNUSED_VARIABLE = YES;
				IPHONEOS_DEPLOYMENT_TARGET = 5.1;
				OTHER_CFLAGS = "-DNS_BLOCK_ASSERTIONS=1";
				SDKROOT = iphoneos;
				TARGETED_DEVICE_FAMILY = 2;
				VALIDATE_PRODUCT = YES;
			};
			name = Release;
		};
		1DF1A453162C36A000F49666 /* Debug */ = {
			isa = XCBuildConfiguration;
			buildSettings = {
				GCC_PRECOMPILE_PREFIX_HEADER = YES;
				GCC_PREFIX_HEADER = "Site Inspection Report/Site Inspection Report-Prefix.pch";
				INFOPLIST_FILE = "Site Inspection Report/Site Inspection Report-Info.plist";
				PRODUCT_NAME = "$(TARGET_NAME)";
				WRAPPER_EXTENSION = app;
			};
			name = Debug;
		};
		1DF1A454162C36A000F49666 /* Release */ = {
			isa = XCBuildConfiguration;
			buildSettings = {
				GCC_PRECOMPILE_PREFIX_HEADER = YES;
				GCC_PREFIX_HEADER = "Site Inspection Report/Site Inspection Report-Prefix.pch";
				INFOPLIST_FILE = "Site Inspection Report/Site Inspection Report-Info.plist";
				PRODUCT_NAME = "$(TARGET_NAME)";
				WRAPPER_EXTENSION = app;
			};
			name = Release;
		};
		1DF1A456162C36A000F49666 /* Debug */ = {
			isa = XCBuildConfiguration;
			buildSettings = {
				BUNDLE_LOADER = "$(BUILT_PRODUCTS_DIR)/Site Inspection Report.app/Site Inspection Report";
				FRAMEWORK_SEARCH_PATHS = (
					"\"$(SDKROOT)/Developer/Library/Frameworks\"",
					"\"$(DEVELOPER_LIBRARY_DIR)/Frameworks\"",
				);
				GCC_PRECOMPILE_PREFIX_HEADER = YES;
				GCC_PREFIX_HEADER = "Site Inspection Report/Site Inspection Report-Prefix.pch";
				INFOPLIST_FILE = "Site Inspection ReportTests/Site Inspection ReportTests-Info.plist";
				PRODUCT_NAME = "$(TARGET_NAME)";
				TEST_HOST = "$(BUNDLE_LOADER)";
				WRAPPER_EXTENSION = octest;
			};
			name = Debug;
		};
		1DF1A457162C36A000F49666 /* Release */ = {
			isa = XCBuildConfiguration;
			buildSettings = {
				BUNDLE_LOADER = "$(BUILT_PRODUCTS_DIR)/Site Inspection Report.app/Site Inspection Report";
				FRAMEWORK_SEARCH_PATHS = (
					"\"$(SDKROOT)/Developer/Library/Frameworks\"",
					"\"$(DEVELOPER_LIBRARY_DIR)/Frameworks\"",
				);
				GCC_PRECOMPILE_PREFIX_HEADER = YES;
				GCC_PREFIX_HEADER = "Site Inspection Report/Site Inspection Report-Prefix.pch";
				INFOPLIST_FILE = "Site Inspection ReportTests/Site Inspection ReportTests-Info.plist";
				PRODUCT_NAME = "$(TARGET_NAME)";
				TEST_HOST = "$(BUNDLE_LOADER)";
				WRAPPER_EXTENSION = octest;
			};
			name = Release;
		};
/* End XCBuildConfiguration section */

/* Begin XCConfigurationList section */
		1DF1A413162C369E00F49666 /* Build configuration list for PBXProject "Site Inspection Report" */ = {
			isa = XCConfigurationList;
			buildConfigurations = (
				1DF1A450162C36A000F49666 /* Debug */,
				1DF1A451162C36A000F49666 /* Release */,
			);
			defaultConfigurationIsVisible = 0;
			defaultConfigurationName = Release;
		};
		1DF1A452162C36A000F49666 /* Build configuration list for PBXNativeTarget "Site Inspection Report" */ = {
			isa = XCConfigurationList;
			buildConfigurations = (
				1DF1A453162C36A000F49666 /* Debug */,
				1DF1A454162C36A000F49666 /* Release */,
			);
			defaultConfigurationIsVisible = 0;
			defaultConfigurationName = Release;
		};
		1DF1A455162C36A000F49666 /* Build configuration list for PBXNativeTarget "Site Inspection ReportTests" */ = {
			isa = XCConfigurationList;
			buildConfigurations = (
				1DF1A456162C36A000F49666 /* Debug */,
				1DF1A457162C36A000F49666 /* Release */,
			);
			defaultConfigurationIsVisible = 0;
			defaultConfigurationName = Release;
		};
/* End XCConfigurationList section */
	};
	rootObject = 1DF1A410162C369E00F49666 /* Project object */;
}
